
Microsoft Visual Studio Solution File, Format Version 12.00
# Visual Studio Version 16
VisualStudioVersion = 16.0.30002.166
MinimumVisualStudioVersion = 10.0.40219.1
Project("{FAE04EC0-301F-11D3-BF4B-00C04F79EFBC}") = "pdf_to_csv", "pdf_to_csv.csproj", "{147E79BE-1AFB-4C29-B401-EA4174A085FB}"
EndProject
Global
	GlobalSection(SolutionConfigurationPlatforms) = preSolution
		Debug|Any CPU = Debug|Any CPU
		Release|Any CPU = Release|Any CPU
	EndGlobalSection
	GlobalSection(ProjectConfigurationPlatforms) = postSolution
		{147E79BE-1AFB-4C29-B401-EA4174A085FB}.Debug|Any CPU.ActiveCfg = Debug|Any CPU
		{147E79BE-1AFB-4C29-B401-EA4174A085FB}.Debug|Any CPU.Build.0 = Debug|Any CPU
		{147E79BE-1AFB-4C29-B401-EA4174A085FB}.Release|Any CPU.ActiveCfg = Release|Any CPU
		{147E79BE-1AFB-4C29-B401-EA4174A085FB}.Release|Any CPU.Build.0 = Release|Any CPU
	EndGlobalSection
	GlobalSection(SolutionProperties) = preSolution
		HideSolutionNode = FALSE
	EndGlobalSection
	GlobalSection(ExtensibilityGlobals) = postSolution
		SolutionGuid = {0061EA67-6250-49E9-926E-C808418A8099}
	EndGlobalSection
EndGlobal
